
Microsoft Visual Studio Solution File, Format Version 12.00
# Visual Studio 2012
Project("{FAE04EC0-301F-11D3-BF4B-00C04F79EFBC}") = "nmct.ba.cashlessproject.tempui", "nmct.ba.cashlessproject.tempui\nmct.ba.cashlessproject.tempui.csproj", "{3801ED16-0017-4856-A6BE-ED92FF381471}"
EndProject
Project("{FAE04EC0-301F-11D3-BF4B-00C04F79EFBC}") = "nmct.ba.cashlessproject.api", "nmct.ba.cashlessproject.api\nmct.ba.cashlessproject.api.csproj", "{002871F1-1E6D-4A8F-9442-65074B4F5DE9}"
EndProject
Project("{FAE04EC0-301F-11D3-BF4B-00C04F79EFBC}") = "nmct.ba.cashlessproject.ui.management", "nmct.ba.cashlessproject.ui.management\nmct.ba.cashlessproject.ui.management.csproj", "{1C8145E1-0212-4D3E-BE91-65167DB08549}"
EndProject
Project("{FAE04EC0-301F-11D3-BF4B-00C04F79EFBC}") = "nmct.ba.cashlessproject.model", "nmct.ba.cashlessproject.model\nmct.ba.cashlessproject.model.csproj", "{76755CFD-F266-4E63-A7D0-878B501D1407}"
EndProject
Project("{FAE04EC0-301F-11D3-BF4B-00C04F79EFBC}") = "nmct.ba.cashlessproject.ui.customer", "nmct.ba.cashlessproject.ui.customer\nmct.ba.cashlessproject.ui.customer.csproj", "{84E5B35B-12E9-44CC-9A5C-1FB4C1B47E4B}"
EndProject
Global
	GlobalSection(SolutionConfigurationPlatforms) = preSolution
		Debug|Any CPU = Debug|Any CPU
		Debug|x86 = Debug|x86
		Release|Any CPU = Release|Any CPU
		Release|x86 = Release|x86
	EndGlobalSection
	GlobalSection(ProjectConfigurationPlatforms) = postSolution
		{3801ED16-0017-4856-A6BE-ED92FF381471}.Debug|Any CPU.ActiveCfg = Debug|Any CPU
		{3801ED16-0017-4856-A6BE-ED92FF381471}.Debug|Any CPU.Build.0 = Debug|Any CPU
		{3801ED16-0017-4856-A6BE-ED92FF381471}.Debug|x86.ActiveCfg = Debug|Any CPU
		{3801ED16-0017-4856-A6BE-ED92FF381471}.Debug|x86.Build.0 = Debug|Any CPU
		{3801ED16-0017-4856-A6BE-ED92FF381471}.Release|Any CPU.ActiveCfg = Release|Any CPU
		{3801ED16-0017-4856-A6BE-ED92FF381471}.Release|Any CPU.Build.0 = Release|Any CPU
		{3801ED16-0017-4856-A6BE-ED92FF381471}.Release|x86.ActiveCfg = Release|x86
		{3801ED16-0017-4856-A6BE-ED92FF381471}.Release|x86.Build.0 = Release|x86
		{002871F1-1E6D-4A8F-9442-65074B4F5DE9}.Debug|Any CPU.ActiveCfg = Debug|Any CPU
		{002871F1-1E6D-4A8F-9442-65074B4F5DE9}.Debug|Any CPU.Build.0 = Debug|Any CPU
		{002871F1-1E6D-4A8F-9442-65074B4F5DE9}.Debug|x86.ActiveCfg = Debug|Any CPU
		{002871F1-1E6D-4A8F-9442-65074B4F5DE9}.Debug|x86.Build.0 = Debug|Any CPU
		{002871F1-1E6D-4A8F-9442-65074B4F5DE9}.Release|Any CPU.ActiveCfg = Release|Any CPU
		{002871F1-1E6D-4A8F-9442-65074B4F5DE9}.Release|Any CPU.Build.0 = Release|Any CPU
		{002871F1-1E6D-4A8F-9442-65074B4F5DE9}.Release|x86.ActiveCfg = Release|x86
		{002871F1-1E6D-4A8F-9442-65074B4F5DE9}.Release|x86.Build.0 = Release|x86
		{1C8145E1-0212-4D3E-BE91-65167DB08549}.Debug|Any CPU.ActiveCfg = Debug|Any CPU
		{1C8145E1-0212-4D3E-BE91-65167DB08549}.Debug|Any CPU.Build.0 = Debug|Any CPU
		{1C8145E1-0212-4D3E-BE91-65167DB08549}.Debug|x86.ActiveCfg = Debug|Any CPU
		{1C8145E1-0212-4D3E-BE91-65167DB08549}.Debug|x86.Build.0 = Debug|Any CPU
		{1C8145E1-0212-4D3E-BE91-65167DB08549}.Debug|x86.Deploy.0 = Debug|Any CPU
		{1C8145E1-0212-4D3E-BE91-65167DB08549}.Release|Any CPU.ActiveCfg = Release|Any CPU
		{1C8145E1-0212-4D3E-BE91-65167DB08549}.Release|Any CPU.Build.0 = Release|Any CPU
		{1C8145E1-0212-4D3E-BE91-65167DB08549}.Release|x86.ActiveCfg = Release|x86
		{1C8145E1-0212-4D3E-BE91-65167DB08549}.Release|x86.Build.0 = Release|x86
		{76755CFD-F266-4E63-A7D0-878B501D1407}.Debug|Any CPU.ActiveCfg = Debug|Any CPU
		{76755CFD-F266-4E63-A7D0-878B501D1407}.Debug|Any CPU.Build.0 = Debug|Any CPU
		{76755CFD-F266-4E63-A7D0-878B501D1407}.Debug|x86.ActiveCfg = Debug|Any CPU
		{76755CFD-F266-4E63-A7D0-878B501D1407}.Debug|x86.Build.0 = Debug|Any CPU
		{76755CFD-F266-4E63-A7D0-878B501D1407}.Release|Any CPU.ActiveCfg = Release|Any CPU
		{76755CFD-F266-4E63-A7D0-878B501D1407}.Release|Any CPU.Build.0 = Release|Any CPU
		{76755CFD-F266-4E63-A7D0-878B501D1407}.Release|x86.ActiveCfg = Release|x86
		{76755CFD-F266-4E63-A7D0-878B501D1407}.Release|x86.Build.0 = Release|x86
		{84E5B35B-12E9-44CC-9A5C-1FB4C1B47E4B}.Debug|Any CPU.ActiveCfg = Debug|x86
		{84E5B35B-12E9-44CC-9A5C-1FB4C1B47E4B}.Debug|Any CPU.Build.0 = Debug|x86
		{84E5B35B-12E9-44CC-9A5C-1FB4C1B47E4B}.Debug|x86.ActiveCfg = Debug|x86
		{84E5B35B-12E9-44CC-9A5C-1FB4C1B47E4B}.Debug|x86.Build.0 = Debug|x86
		{84E5B35B-12E9-44CC-9A5C-1FB4C1B47E4B}.Debug|x86.Deploy.0 = Debug|x86
		{84E5B35B-12E9-44CC-9A5C-1FB4C1B47E4B}.Release|Any CPU.ActiveCfg = Release|Any CPU
		{84E5B35B-12E9-44CC-9A5C-1FB4C1B47E4B}.Release|Any CPU.Build.0 = Release|Any CPU
		{84E5B35B-12E9-44CC-9A5C-1FB4C1B47E4B}.Release|x86.ActiveCfg = Release|x86
		{84E5B35B-12E9-44CC-9A5C-1FB4C1B47E4B}.Release|x86.Build.0 = Release|x86
	EndGlobalSection
	GlobalSection(SolutionProperties) = preSolution
		HideSolutionNode = FALSE
	EndGlobalSection
EndGlobal
